
Microsoft Visual Studio Solution File, Format Version 11.00
# Visual Studio 2010
Project("{FAE04EC0-301F-11D3-BF4B-00C04F79EFBC}") = "MediaCommMVC.UI", "MediaCommMVC.UI\MediaCommMVC.UI.csproj", "{D746E91F-7B79-4416-B5D5-FCE5FCA74D52}"
EndProject
Project("{FAE04EC0-301F-11D3-BF4B-00C04F79EFBC}") = "MediaCommMVC.Data", "MediaCommMVC.Data\MediaCommMVC.Data.csproj", "{6060137F-843B-412E-95FE-B43A1421B813}"
EndProject
Project("{FAE04EC0-301F-11D3-BF4B-00C04F79EFBC}") = "MediaCommMVC.UI.Tests", "MediaCommMVC.UI.Tests\MediaCommMVC.UI.Tests.csproj", "{6F85677C-BC6F-4A39-B7D8-5AC4BF4FFCCA}"
EndProject
Global
	GlobalSection(SolutionConfigurationPlatforms) = preSolution
		Debug|Any CPU = Debug|Any CPU
		Release|Any CPU = Release|Any CPU
	EndGlobalSection
	GlobalSection(ProjectConfigurationPlatforms) = postSolution
		{D746E91F-7B79-4416-B5D5-FCE5FCA74D52}.Debug|Any CPU.ActiveCfg = Debug|Any CPU
		{D746E91F-7B79-4416-B5D5-FCE5FCA74D52}.Debug|Any CPU.Build.0 = Debug|Any CPU
		{D746E91F-7B79-4416-B5D5-FCE5FCA74D52}.Release|Any CPU.ActiveCfg = Release|Any CPU
		{D746E91F-7B79-4416-B5D5-FCE5FCA74D52}.Release|Any CPU.Build.0 = Release|Any CPU
		{6060137F-843B-412E-95FE-B43A1421B813}.Debug|Any CPU.ActiveCfg = Debug|Any CPU
		{6060137F-843B-412E-95FE-B43A1421B813}.Debug|Any CPU.Build.0 = Debug|Any CPU
		{6060137F-843B-412E-95FE-B43A1421B813}.Release|Any CPU.ActiveCfg = Release|Any CPU
		{6060137F-843B-412E-95FE-B43A1421B813}.Release|Any CPU.Build.0 = Release|Any CPU
		{6F85677C-BC6F-4A39-B7D8-5AC4BF4FFCCA}.Debug|Any CPU.ActiveCfg = Debug|Any CPU
		{6F85677C-BC6F-4A39-B7D8-5AC4BF4FFCCA}.Debug|Any CPU.Build.0 = Debug|Any CPU
		{6F85677C-BC6F-4A39-B7D8-5AC4BF4FFCCA}.Release|Any CPU.ActiveCfg = Release|Any CPU
		{6F85677C-BC6F-4A39-B7D8-5AC4BF4FFCCA}.Release|Any CPU.Build.0 = Release|Any CPU
	EndGlobalSection
	GlobalSection(SolutionProperties) = preSolution
		HideSolutionNode = FALSE
	EndGlobalSection
EndGlobal
