
Microsoft Visual Studio Solution File, Format Version 11.00
# Visual Studio 2010
Project("{FAE04EC0-301F-11D3-BF4B-00C04F79EFBC}") = "MediaCommMVC.Web", "MediaCommMVC.Web\MediaCommMVC.Web.csproj", "{D746E91F-7B79-4416-B5D5-FCE5FCA74D52}"
EndProject
Project("{2150E333-8FDC-42A3-9474-1A3956D46DE8}") = "Solution Items", "Solution Items", "{7BD4A439-1E18-4529-BC39-F28D3D0F46B1}"
	ProjectSection(SolutionItems) = preProject
		Local.testsettings = Local.testsettings
		MediaCommMVC.vsmdi = MediaCommMVC.vsmdi
		TraceAndTestImpact.testsettings = TraceAndTestImpact.testsettings
	EndProjectSection
EndProject
Project("{FAE04EC0-301F-11D3-BF4B-00C04F79EFBC}") = "MediaCommMVC.Web.Tests", "MediaCommMVC.Web.Tests\MediaCommMVC.Web.Tests.csproj", "{8B75764E-313E-4146-80F7-06DCE7801009}"
EndProject
Global
	GlobalSection(TeamFoundationVersionControl) = preSolution
		SccNumberOfProjects = 3
		SccEnterpriseProvider = {4CA58AB2-18FA-4F8D-95D4-32DDF27D184C}
		SccTeamFoundationServer = https://tfs.codeplex.com/tfs/tfs08
		SccLocalPath0 = .
		SccProjectUniqueName1 = MediaCommMVC.Web\\MediaCommMVC.Web.csproj
		SccProjectName1 = MediaCommMVC.Web
		SccLocalPath1 = MediaCommMVC.Web
		SccProjectUniqueName2 = MediaCommMVC.Web.Tests\\MediaCommMVC.Web.Tests.csproj
		SccProjectName2 = MediaCommMVC.Web.Tests
		SccLocalPath2 = MediaCommMVC.Web.Tests
	EndGlobalSection
	GlobalSection(TestCaseManagementSettings) = postSolution
		CategoryFile = MediaCommMVC.vsmdi
	EndGlobalSection
	GlobalSection(SolutionConfigurationPlatforms) = preSolution
		Debug|Any CPU = Debug|Any CPU
		Debug|Mixed Platforms = Debug|Mixed Platforms
		Debug|x86 = Debug|x86
		Release|Any CPU = Release|Any CPU
		Release|Mixed Platforms = Release|Mixed Platforms
		Release|x86 = Release|x86
	EndGlobalSection
	GlobalSection(ProjectConfigurationPlatforms) = postSolution
		{D746E91F-7B79-4416-B5D5-FCE5FCA74D52}.Debug|Any CPU.ActiveCfg = Debug|Any CPU
		{D746E91F-7B79-4416-B5D5-FCE5FCA74D52}.Debug|Any CPU.Build.0 = Debug|Any CPU
		{D746E91F-7B79-4416-B5D5-FCE5FCA74D52}.Debug|Mixed Platforms.ActiveCfg = Debug|Any CPU
		{D746E91F-7B79-4416-B5D5-FCE5FCA74D52}.Debug|Mixed Platforms.Build.0 = Debug|Any CPU
		{D746E91F-7B79-4416-B5D5-FCE5FCA74D52}.Debug|x86.ActiveCfg = Debug|Any CPU
		{D746E91F-7B79-4416-B5D5-FCE5FCA74D52}.Release|Any CPU.ActiveCfg = Release|Any CPU
		{D746E91F-7B79-4416-B5D5-FCE5FCA74D52}.Release|Any CPU.Build.0 = Release|Any CPU
		{D746E91F-7B79-4416-B5D5-FCE5FCA74D52}.Release|Mixed Platforms.ActiveCfg = Release|Any CPU
		{D746E91F-7B79-4416-B5D5-FCE5FCA74D52}.Release|Mixed Platforms.Build.0 = Release|Any CPU
		{D746E91F-7B79-4416-B5D5-FCE5FCA74D52}.Release|x86.ActiveCfg = Release|Any CPU
		{8B75764E-313E-4146-80F7-06DCE7801009}.Debug|Any CPU.ActiveCfg = Debug|Any CPU
		{8B75764E-313E-4146-80F7-06DCE7801009}.Debug|Any CPU.Build.0 = Debug|Any CPU
		{8B75764E-313E-4146-80F7-06DCE7801009}.Debug|Mixed Platforms.ActiveCfg = Debug|Any CPU
		{8B75764E-313E-4146-80F7-06DCE7801009}.Debug|Mixed Platforms.Build.0 = Debug|Any CPU
		{8B75764E-313E-4146-80F7-06DCE7801009}.Debug|x86.ActiveCfg = Debug|Any CPU
		{8B75764E-313E-4146-80F7-06DCE7801009}.Release|Any CPU.ActiveCfg = Release|Any CPU
		{8B75764E-313E-4146-80F7-06DCE7801009}.Release|Any CPU.Build.0 = Release|Any CPU
		{8B75764E-313E-4146-80F7-06DCE7801009}.Release|Mixed Platforms.ActiveCfg = Release|Any CPU
		{8B75764E-313E-4146-80F7-06DCE7801009}.Release|Mixed Platforms.Build.0 = Release|Any CPU
		{8B75764E-313E-4146-80F7-06DCE7801009}.Release|x86.ActiveCfg = Release|Any CPU
	EndGlobalSection
	GlobalSection(SolutionProperties) = preSolution
		HideSolutionNode = FALSE
	EndGlobalSection
EndGlobal
